
Microsoft Visual Studio Solution File, Format Version 12.00
# Visual Studio Version 16
VisualStudioVersion = 16.0.30804.86
MinimumVisualStudioVersion = 10.0.40219.1
Project("{9A19103F-16F7-4668-BE54-9A1E7A4F7556}") = "dataneo.TutorialLibs.WPF", "src\dataneo.TutorialsLib.WPF\dataneo.TutorialLibs.WPF.csproj", "{52B34334-00A6-43AB-A5F2-7A801B0E6E72}"
EndProject
Project("{2150E333-8FDC-42A3-9474-1A3956D46DE8}") = "Core", "Core", "{9BF06453-6B03-43B3-81ED-9B099B43E136}"
EndProject
Project("{9A19103F-16F7-4668-BE54-9A1E7A4F7556}") = "dataneo.TutorialLibs.Domain", "src\dataneo.TutorialLibs.Domain\dataneo.TutorialLibs.Domain.csproj", "{6A9E6D1D-9796-4D05-B85E-4AA87590E700}"
EndProject
Project("{2150E333-8FDC-42A3-9474-1A3956D46DE8}") = "Infrastructure", "Infrastructure", "{DA9F6A3E-105E-46EB-B184-4305A5C7750E}"
EndProject
Project("{9A19103F-16F7-4668-BE54-9A1E7A4F7556}") = "dataneo.TutorialLibs.Persistence.EF.SQLite", "src\dataneo.TutorialLibs.Persistence.EF.SQLite\dataneo.TutorialLibs.Persistence.EF.SQLite.csproj", "{AA5B2EBB-D706-413E-B6E4-F0BE8FEF3132}"
EndProject
Project("{2150E333-8FDC-42A3-9474-1A3956D46DE8}") = "tests", "tests", "{1C5876E2-691D-47D7-A7EB-56149A468738}"
EndProject
Project("{2150E333-8FDC-42A3-9474-1A3956D46DE8}") = "Application", "Application", "{C2242B04-3810-4E56-8C27-0526CC5F2488}"
EndProject
Project("{9A19103F-16F7-4668-BE54-9A1E7A4F7556}") = "dataneo.TutorialLibs.FileIO.Win", "src\dataneo.TutorialLibs.FileIO.Win\dataneo.TutorialLibs.FileIO.Win.csproj", "{908AF8C7-5CDF-47E0-812A-6D5432248A6E}"
EndProject
Project("{9A19103F-16F7-4668-BE54-9A1E7A4F7556}") = "MediaInfo.DotNetWrapper", "src\MediaInfo.DotNetWrapper\MediaInfo.DotNetWrapper.csproj", "{307AEBCA-B5C9-4F4A-9A85-38988E2D7A68}"
EndProject
Project("{2150E333-8FDC-42A3-9474-1A3956D46DE8}") = "src", "src", "{67F4C41E-2050-48DB-B18F-0FD0524B03E3}"
EndProject
Project("{9A19103F-16F7-4668-BE54-9A1E7A4F7556}") = "dataneo.TutorialLibs.DomainTests", "tests\unitTests\dataneo.TutorialLibs.DomainTests\dataneo.TutorialLibs.DomainTests.csproj", "{1949AE15-9043-40A3-A751-E45F8470A293}"
EndProject
Project("{2150E333-8FDC-42A3-9474-1A3956D46DE8}") = "UnitTests", "UnitTests", "{ACB866FA-9BDC-4285-A575-3E83949F4B78}"
EndProject
Project("{9A19103F-16F7-4668-BE54-9A1E7A4F7556}") = "dataneo.TutorialLibs.FileIO.WinTests", "tests\unitTests\dataneo.TutorialLibs.FileIO.WinTests\dataneo.TutorialLibs.FileIO.WinTests.csproj", "{874893D6-3333-498F-9DD4-9B345A2A9777}"
EndProject
Global
	GlobalSection(SolutionConfigurationPlatforms) = preSolution
		Debug|Any CPU = Debug|Any CPU
		Debug|x64 = Debug|x64
		Release|Any CPU = Release|Any CPU
		Release|x64 = Release|x64
	EndGlobalSection
	GlobalSection(ProjectConfigurationPlatforms) = postSolution
		{52B34334-00A6-43AB-A5F2-7A801B0E6E72}.Debug|Any CPU.ActiveCfg = Debug|Any CPU
		{52B34334-00A6-43AB-A5F2-7A801B0E6E72}.Debug|Any CPU.Build.0 = Debug|Any CPU
		{52B34334-00A6-43AB-A5F2-7A801B0E6E72}.Debug|x64.ActiveCfg = Debug|Any CPU
		{52B34334-00A6-43AB-A5F2-7A801B0E6E72}.Debug|x64.Build.0 = Debug|Any CPU
		{52B34334-00A6-43AB-A5F2-7A801B0E6E72}.Release|Any CPU.ActiveCfg = Release|Any CPU
		{52B34334-00A6-43AB-A5F2-7A801B0E6E72}.Release|Any CPU.Build.0 = Release|Any CPU
		{52B34334-00A6-43AB-A5F2-7A801B0E6E72}.Release|x64.ActiveCfg = Release|Any CPU
		{52B34334-00A6-43AB-A5F2-7A801B0E6E72}.Release|x64.Build.0 = Release|Any CPU
		{6A9E6D1D-9796-4D05-B85E-4AA87590E700}.Debug|Any CPU.ActiveCfg = Debug|Any CPU
		{6A9E6D1D-9796-4D05-B85E-4AA87590E700}.Debug|Any CPU.Build.0 = Debug|Any CPU
		{6A9E6D1D-9796-4D05-B85E-4AA87590E700}.Debug|x64.ActiveCfg = Debug|Any CPU
		{6A9E6D1D-9796-4D05-B85E-4AA87590E700}.Debug|x64.Build.0 = Debug|Any CPU
		{6A9E6D1D-9796-4D05-B85E-4AA87590E700}.Release|Any CPU.ActiveCfg = Release|Any CPU
		{6A9E6D1D-9796-4D05-B85E-4AA87590E700}.Release|Any CPU.Build.0 = Release|Any CPU
		{6A9E6D1D-9796-4D05-B85E-4AA87590E700}.Release|x64.ActiveCfg = Release|Any CPU
		{6A9E6D1D-9796-4D05-B85E-4AA87590E700}.Release|x64.Build.0 = Release|Any CPU
		{AA5B2EBB-D706-413E-B6E4-F0BE8FEF3132}.Debug|Any CPU.ActiveCfg = Debug|Any CPU
		{AA5B2EBB-D706-413E-B6E4-F0BE8FEF3132}.Debug|Any CPU.Build.0 = Debug|Any CPU
		{AA5B2EBB-D706-413E-B6E4-F0BE8FEF3132}.Debug|x64.ActiveCfg = Debug|Any CPU
		{AA5B2EBB-D706-413E-B6E4-F0BE8FEF3132}.Debug|x64.Build.0 = Debug|Any CPU
		{AA5B2EBB-D706-413E-B6E4-F0BE8FEF3132}.Release|Any CPU.ActiveCfg = Release|Any CPU
		{AA5B2EBB-D706-413E-B6E4-F0BE8FEF3132}.Release|Any CPU.Build.0 = Release|Any CPU
		{AA5B2EBB-D706-413E-B6E4-F0BE8FEF3132}.Release|x64.ActiveCfg = Release|Any CPU
		{AA5B2EBB-D706-413E-B6E4-F0BE8FEF3132}.Release|x64.Build.0 = Release|Any CPU
		{908AF8C7-5CDF-47E0-812A-6D5432248A6E}.Debug|Any CPU.ActiveCfg = Debug|Any CPU
		{908AF8C7-5CDF-47E0-812A-6D5432248A6E}.Debug|Any CPU.Build.0 = Debug|Any CPU
		{908AF8C7-5CDF-47E0-812A-6D5432248A6E}.Debug|x64.ActiveCfg = Debug|x64
		{908AF8C7-5CDF-47E0-812A-6D5432248A6E}.Debug|x64.Build.0 = Debug|x64
		{908AF8C7-5CDF-47E0-812A-6D5432248A6E}.Release|Any CPU.ActiveCfg = Release|Any CPU
		{908AF8C7-5CDF-47E0-812A-6D5432248A6E}.Release|Any CPU.Build.0 = Release|Any CPU
		{908AF8C7-5CDF-47E0-812A-6D5432248A6E}.Release|x64.ActiveCfg = Release|x64
		{908AF8C7-5CDF-47E0-812A-6D5432248A6E}.Release|x64.Build.0 = Release|x64
		{307AEBCA-B5C9-4F4A-9A85-38988E2D7A68}.Debug|Any CPU.ActiveCfg = Debug|Any CPU
		{307AEBCA-B5C9-4F4A-9A85-38988E2D7A68}.Debug|Any CPU.Build.0 = Debug|Any CPU
		{307AEBCA-B5C9-4F4A-9A85-38988E2D7A68}.Debug|x64.ActiveCfg = Debug|Any CPU
		{307AEBCA-B5C9-4F4A-9A85-38988E2D7A68}.Debug|x64.Build.0 = Debug|Any CPU
		{307AEBCA-B5C9-4F4A-9A85-38988E2D7A68}.Release|Any CPU.ActiveCfg = Release|Any CPU
		{307AEBCA-B5C9-4F4A-9A85-38988E2D7A68}.Release|Any CPU.Build.0 = Release|Any CPU
		{307AEBCA-B5C9-4F4A-9A85-38988E2D7A68}.Release|x64.ActiveCfg = Release|Any CPU
		{307AEBCA-B5C9-4F4A-9A85-38988E2D7A68}.Release|x64.Build.0 = Release|Any CPU
		{1949AE15-9043-40A3-A751-E45F8470A293}.Debug|Any CPU.ActiveCfg = Debug|Any CPU
		{1949AE15-9043-40A3-A751-E45F8470A293}.Debug|Any CPU.Build.0 = Debug|Any CPU
		{1949AE15-9043-40A3-A751-E45F8470A293}.Debug|x64.ActiveCfg = Debug|Any CPU
		{1949AE15-9043-40A3-A751-E45F8470A293}.Debug|x64.Build.0 = Debug|Any CPU
		{1949AE15-9043-40A3-A751-E45F8470A293}.Release|Any CPU.ActiveCfg = Release|Any CPU
		{1949AE15-9043-40A3-A751-E45F8470A293}.Release|Any CPU.Build.0 = Release|Any CPU
		{1949AE15-9043-40A3-A751-E45F8470A293}.Release|x64.ActiveCfg = Release|Any CPU
		{1949AE15-9043-40A3-A751-E45F8470A293}.Release|x64.Build.0 = Release|Any CPU
		{874893D6-3333-498F-9DD4-9B345A2A9777}.Debug|Any CPU.ActiveCfg = Debug|Any CPU
		{874893D6-3333-498F-9DD4-9B345A2A9777}.Debug|Any CPU.Build.0 = Debug|Any CPU
		{874893D6-3333-498F-9DD4-9B345A2A9777}.Debug|x64.ActiveCfg = Debug|Any CPU
		{874893D6-3333-498F-9DD4-9B345A2A9777}.Debug|x64.Build.0 = Debug|Any CPU
		{874893D6-3333-498F-9DD4-9B345A2A9777}.Release|Any CPU.ActiveCfg = Release|Any CPU
		{874893D6-3333-498F-9DD4-9B345A2A9777}.Release|Any CPU.Build.0 = Release|Any CPU
		{874893D6-3333-498F-9DD4-9B345A2A9777}.Release|x64.ActiveCfg = Release|Any CPU
		{874893D6-3333-498F-9DD4-9B345A2A9777}.Release|x64.Build.0 = Release|Any CPU
	EndGlobalSection
	GlobalSection(SolutionProperties) = preSolution
		HideSolutionNode = FALSE
	EndGlobalSection
	GlobalSection(NestedProjects) = preSolution
		{52B34334-00A6-43AB-A5F2-7A801B0E6E72} = {C2242B04-3810-4E56-8C27-0526CC5F2488}
		{9BF06453-6B03-43B3-81ED-9B099B43E136} = {67F4C41E-2050-48DB-B18F-0FD0524B03E3}
		{6A9E6D1D-9796-4D05-B85E-4AA87590E700} = {9BF06453-6B03-43B3-81ED-9B099B43E136}
		{DA9F6A3E-105E-46EB-B184-4305A5C7750E} = {67F4C41E-2050-48DB-B18F-0FD0524B03E3}
		{AA5B2EBB-D706-413E-B6E4-F0BE8FEF3132} = {DA9F6A3E-105E-46EB-B184-4305A5C7750E}
		{C2242B04-3810-4E56-8C27-0526CC5F2488} = {67F4C41E-2050-48DB-B18F-0FD0524B03E3}
		{908AF8C7-5CDF-47E0-812A-6D5432248A6E} = {DA9F6A3E-105E-46EB-B184-4305A5C7750E}
		{307AEBCA-B5C9-4F4A-9A85-38988E2D7A68} = {DA9F6A3E-105E-46EB-B184-4305A5C7750E}
		{1949AE15-9043-40A3-A751-E45F8470A293} = {ACB866FA-9BDC-4285-A575-3E83949F4B78}
		{ACB866FA-9BDC-4285-A575-3E83949F4B78} = {1C5876E2-691D-47D7-A7EB-56149A468738}
		{874893D6-3333-498F-9DD4-9B345A2A9777} = {ACB866FA-9BDC-4285-A575-3E83949F4B78}
	EndGlobalSection
	GlobalSection(ExtensibilityGlobals) = postSolution
		SolutionGuid = {1EA62500-7F24-4149-95E4-0BFB6D24497B}
	EndGlobalSection
EndGlobal
