
Microsoft Visual Studio Solution File, Format Version 12.00
# Visual Studio Version 16
VisualStudioVersion = 16.0.30804.86
MinimumVisualStudioVersion = 10.0.40219.1
Project("{9A19103F-16F7-4668-BE54-9A1E7A4F7556}") = "TutorialsLib.Core", "TutorialsLib.Core\TutorialsLib.Core.csproj", "{4721373E-AC03-4C46-9C06-68BD504213D8}"
EndProject
Project("{9A19103F-16F7-4668-BE54-9A1E7A4F7556}") = "TutorialLibs.Infrastructure", "TutorialLib.Infrastructure\TutorialLibs.Infrastructure.csproj", "{251F1E34-3ED9-403A-9DDB-85446DC566F2}"
EndProject
Project("{9A19103F-16F7-4668-BE54-9A1E7A4F7556}") = "TutorialsLib.WPF", "TutorialsLib.WPF\TutorialsLib.WPF.csproj", "{52B34334-00A6-43AB-A5F2-7A801B0E6E72}"
EndProject
Project("{FAE04EC0-301F-11D3-BF4B-00C04F79EFBC}") = "TutorialLibs.SharedKernel", "TutorialLib.SharedKernel\TutorialLibs.SharedKernel.csproj", "{F50C4E31-D5CF-418C-BD87-BB38D8E4865B}"
EndProject
Global
	GlobalSection(SolutionConfigurationPlatforms) = preSolution
		Debug|Any CPU = Debug|Any CPU
		Release|Any CPU = Release|Any CPU
	EndGlobalSection
	GlobalSection(ProjectConfigurationPlatforms) = postSolution
		{4721373E-AC03-4C46-9C06-68BD504213D8}.Debug|Any CPU.ActiveCfg = Debug|Any CPU
		{4721373E-AC03-4C46-9C06-68BD504213D8}.Debug|Any CPU.Build.0 = Debug|Any CPU
		{4721373E-AC03-4C46-9C06-68BD504213D8}.Release|Any CPU.ActiveCfg = Release|Any CPU
		{4721373E-AC03-4C46-9C06-68BD504213D8}.Release|Any CPU.Build.0 = Release|Any CPU
		{251F1E34-3ED9-403A-9DDB-85446DC566F2}.Debug|Any CPU.ActiveCfg = Debug|Any CPU
		{251F1E34-3ED9-403A-9DDB-85446DC566F2}.Debug|Any CPU.Build.0 = Debug|Any CPU
		{251F1E34-3ED9-403A-9DDB-85446DC566F2}.Release|Any CPU.ActiveCfg = Release|Any CPU
		{251F1E34-3ED9-403A-9DDB-85446DC566F2}.Release|Any CPU.Build.0 = Release|Any CPU
		{52B34334-00A6-43AB-A5F2-7A801B0E6E72}.Debug|Any CPU.ActiveCfg = Debug|Any CPU
		{52B34334-00A6-43AB-A5F2-7A801B0E6E72}.Debug|Any CPU.Build.0 = Debug|Any CPU
		{52B34334-00A6-43AB-A5F2-7A801B0E6E72}.Release|Any CPU.ActiveCfg = Release|Any CPU
		{52B34334-00A6-43AB-A5F2-7A801B0E6E72}.Release|Any CPU.Build.0 = Release|Any CPU
		{F50C4E31-D5CF-418C-BD87-BB38D8E4865B}.Debug|Any CPU.ActiveCfg = Debug|Any CPU
		{F50C4E31-D5CF-418C-BD87-BB38D8E4865B}.Debug|Any CPU.Build.0 = Debug|Any CPU
		{F50C4E31-D5CF-418C-BD87-BB38D8E4865B}.Release|Any CPU.ActiveCfg = Release|Any CPU
		{F50C4E31-D5CF-418C-BD87-BB38D8E4865B}.Release|Any CPU.Build.0 = Release|Any CPU
	EndGlobalSection
	GlobalSection(SolutionProperties) = preSolution
		HideSolutionNode = FALSE
	EndGlobalSection
	GlobalSection(ExtensibilityGlobals) = postSolution
		SolutionGuid = {1EA62500-7F24-4149-95E4-0BFB6D24497B}
	EndGlobalSection
EndGlobal
